// !$*UTF8*$!
{
	archiveVersion = 1;
	classes = {
	};
	objectVersion = 50;
	objects = {

/* Begin PBXBuildFile section */
		D85612EA2424AB55001EEC5D /* Fonts.swift in Sources */ = {isa = PBXBuildFile; fileRef = D85612E92424AB55001EEC5D /* Fonts.swift */; };
		D8A48CCB23BBAF6700A4E1BF /* AppDelegate.swift in Sources */ = {isa = PBXBuildFile; fileRef = D8A48CCA23BBAF6700A4E1BF /* AppDelegate.swift */; };
		D8A48CCD23BBAF6700A4E1BF /* SceneDelegate.swift in Sources */ = {isa = PBXBuildFile; fileRef = D8A48CCC23BBAF6700A4E1BF /* SceneDelegate.swift */; };
		D8A48CCF23BBAF6700A4E1BF /* AirlinerListView.swift in Sources */ = {isa = PBXBuildFile; fileRef = D8A48CCE23BBAF6700A4E1BF /* AirlinerListView.swift */; };
		D8A48CD123BBAF6800A4E1BF /* Assets.xcassets in Resources */ = {isa = PBXBuildFile; fileRef = D8A48CD023BBAF6800A4E1BF /* Assets.xcassets */; };
		D8A48CD423BBAF6800A4E1BF /* Preview Assets.xcassets in Resources */ = {isa = PBXBuildFile; fileRef = D8A48CD323BBAF6800A4E1BF /* Preview Assets.xcassets */; };
		D8A48CD723BBAF6800A4E1BF /* LaunchScreen.storyboard in Resources */ = {isa = PBXBuildFile; fileRef = D8A48CD523BBAF6800A4E1BF /* LaunchScreen.storyboard */; };
		D8BC3EB9241891E2004C5B4F /* Colors.swift in Sources */ = {isa = PBXBuildFile; fileRef = D8BC3EB8241891E2004C5B4F /* Colors.swift */; };
		D8BC3EBB2418BB39004C5B4F /* Helper.swift in Sources */ = {isa = PBXBuildFile; fileRef = D8BC3EBA2418BB39004C5B4F /* Helper.swift */; };
		D8BC3EBD2418BB74004C5B4F /* airliners.json in Resources */ = {isa = PBXBuildFile; fileRef = D8BC3EBC2418BB74004C5B4F /* airliners.json */; };
		D8BC3EBF2418BC96004C5B4F /* Airliner.swift in Sources */ = {isa = PBXBuildFile; fileRef = D8BC3EBE2418BC96004C5B4F /* Airliner.swift */; };
		D8D9257624152FA80087ADD6 /* AirlinerRow.swift in Sources */ = {isa = PBXBuildFile; fileRef = D8D9257524152FA80087ADD6 /* AirlinerRow.swift */; };
		D8F5D7FD242B38FB00A1F9CF /* AirlinerListViewModel.swift in Sources */ = {isa = PBXBuildFile; fileRef = D8F5D7FC242B38FB00A1F9CF /* AirlinerListViewModel.swift */; };
		D8F5D7FF242B399500A1F9CF /* AirlinerRowViewModel.swift in Sources */ = {isa = PBXBuildFile; fileRef = D8F5D7FE242B399500A1F9CF /* AirlinerRowViewModel.swift */; };
		D8F5D805242C576600A1F9CF /* AirlinerDetailViewModel.swift in Sources */ = {isa = PBXBuildFile; fileRef = D8F5D804242C576600A1F9CF /* AirlinerDetailViewModel.swift */; };
		D8F5D807242C5C5300A1F9CF /* DetailRow.swift in Sources */ = {isa = PBXBuildFile; fileRef = D8F5D806242C5C5300A1F9CF /* DetailRow.swift */; };
		D8F5D809242C5C8500A1F9CF /* DetailRowViewModel.swift in Sources */ = {isa = PBXBuildFile; fileRef = D8F5D808242C5C8500A1F9CF /* DetailRowViewModel.swift */; };
		D8F5D80B242C65FE00A1F9CF /* AirlinerListViewBuilder.swift in Sources */ = {isa = PBXBuildFile; fileRef = D8F5D80A242C65FE00A1F9CF /* AirlinerListViewBuilder.swift */; };
		D8F6F7B223CA2E9F00385739 /* AirlinerDetailView.swift in Sources */ = {isa = PBXBuildFile; fileRef = D8F6F7B123CA2E9F00385739 /* AirlinerDetailView.swift */; };
/* End PBXBuildFile section */

/* Begin PBXFileReference section */
		D85612E92424AB55001EEC5D /* Fonts.swift */ = {isa = PBXFileReference; lastKnownFileType = sourcecode.swift; path = Fonts.swift; sourceTree = "<group>"; };
		D8A48CC723BBAF6700A4E1BF /* TheAirliners.app */ = {isa = PBXFileReference; explicitFileType = wrapper.application; includeInIndex = 0; path = TheAirliners.app; sourceTree = BUILT_PRODUCTS_DIR; };
		D8A48CCA23BBAF6700A4E1BF /* AppDelegate.swift */ = {isa = PBXFileReference; lastKnownFileType = sourcecode.swift; path = AppDelegate.swift; sourceTree = "<group>"; };
		D8A48CCC23BBAF6700A4E1BF /* SceneDelegate.swift */ = {isa = PBXFileReference; lastKnownFileType = sourcecode.swift; path = SceneDelegate.swift; sourceTree = "<group>"; };
		D8A48CCE23BBAF6700A4E1BF /* AirlinerListView.swift */ = {isa = PBXFileReference; lastKnownFileType = sourcecode.swift; path = AirlinerListView.swift; sourceTree = "<group>"; };
		D8A48CD023BBAF6800A4E1BF /* Assets.xcassets */ = {isa = PBXFileReference; lastKnownFileType = folder.assetcatalog; path = Assets.xcassets; sourceTree = "<group>"; };
		D8A48CD323BBAF6800A4E1BF /* Preview Assets.xcassets */ = {isa = PBXFileReference; lastKnownFileType = folder.assetcatalog; path = "Preview Assets.xcassets"; sourceTree = "<group>"; };
		D8A48CD623BBAF6800A4E1BF /* Base */ = {isa = PBXFileReference; lastKnownFileType = file.storyboard; name = Base; path = Base.lproj/LaunchScreen.storyboard; sourceTree = "<group>"; };
		D8A48CD823BBAF6800A4E1BF /* Info.plist */ = {isa = PBXFileReference; lastKnownFileType = text.plist.xml; path = Info.plist; sourceTree = "<group>"; };
		D8BC3EB8241891E2004C5B4F /* Colors.swift */ = {isa = PBXFileReference; lastKnownFileType = sourcecode.swift; path = Colors.swift; sourceTree = "<group>"; };
		D8BC3EBA2418BB39004C5B4F /* Helper.swift */ = {isa = PBXFileReference; lastKnownFileType = sourcecode.swift; path = Helper.swift; sourceTree = "<group>"; };
		D8BC3EBC2418BB74004C5B4F /* airliners.json */ = {isa = PBXFileReference; fileEncoding = 4; lastKnownFileType = text.json; path = airliners.json; sourceTree = "<group>"; };
		D8BC3EBE2418BC96004C5B4F /* Airliner.swift */ = {isa = PBXFileReference; lastKnownFileType = sourcecode.swift; path = Airliner.swift; sourceTree = "<group>"; };
		D8D9257524152FA80087ADD6 /* AirlinerRow.swift */ = {isa = PBXFileReference; lastKnownFileType = sourcecode.swift; path = AirlinerRow.swift; sourceTree = "<group>"; };
		D8F5D7FC242B38FB00A1F9CF /* AirlinerListViewModel.swift */ = {isa = PBXFileReference; lastKnownFileType = sourcecode.swift; path = AirlinerListViewModel.swift; sourceTree = "<group>"; };
		D8F5D7FE242B399500A1F9CF /* AirlinerRowViewModel.swift */ = {isa = PBXFileReference; lastKnownFileType = sourcecode.swift; path = AirlinerRowViewModel.swift; sourceTree = "<group>"; };
		D8F5D804242C576600A1F9CF /* AirlinerDetailViewModel.swift */ = {isa = PBXFileReference; lastKnownFileType = sourcecode.swift; path = AirlinerDetailViewModel.swift; sourceTree = "<group>"; };
		D8F5D806242C5C5300A1F9CF /* DetailRow.swift */ = {isa = PBXFileReference; lastKnownFileType = sourcecode.swift; path = DetailRow.swift; sourceTree = "<group>"; };
		D8F5D808242C5C8500A1F9CF /* DetailRowViewModel.swift */ = {isa = PBXFileReference; lastKnownFileType = sourcecode.swift; path = DetailRowViewModel.swift; sourceTree = "<group>"; };
		D8F5D80A242C65FE00A1F9CF /* AirlinerListViewBuilder.swift */ = {isa = PBXFileReference; lastKnownFileType = sourcecode.swift; path = AirlinerListViewBuilder.swift; sourceTree = "<group>"; };
		D8F6F7B123CA2E9F00385739 /* AirlinerDetailView.swift */ = {isa = PBXFileReference; lastKnownFileType = sourcecode.swift; path = AirlinerDetailView.swift; sourceTree = "<group>"; };
/* End PBXFileReference section */

/* Begin PBXFrameworksBuildPhase section */
		D8A48CC423BBAF6700A4E1BF /* Frameworks */ = {
			isa = PBXFrameworksBuildPhase;
			buildActionMask = 2147483647;
			files = (
			);
			runOnlyForDeploymentPostprocessing = 0;
		};
/* End PBXFrameworksBuildPhase section */

/* Begin PBXGroup section */
		D8A48CBE23BBAF6700A4E1BF = {
			isa = PBXGroup;
			children = (
				D8A48CC923BBAF6700A4E1BF /* TheAirliners */,
				D8A48CC823BBAF6700A4E1BF /* Products */,
			);
			sourceTree = "<group>";
		};
		D8A48CC823BBAF6700A4E1BF /* Products */ = {
			isa = PBXGroup;
			children = (
				D8A48CC723BBAF6700A4E1BF /* TheAirliners.app */,
			);
			name = Products;
			sourceTree = "<group>";
		};
		D8A48CC923BBAF6700A4E1BF /* TheAirliners */ = {
			isa = PBXGroup;
			children = (
				D8F5D801242B4FB700A1F9CF /* App */,
				D8F5D802242B4FC900A1F9CF /* Views */,
				D8BB087A2430463400B210E9 /* Utilities */,
				D8F5D803242B4FD100A1F9CF /* Models */,
				D8F5D800242B4FAD00A1F9CF /* ViewModels */,
				D8BB087B2430465200B210E9 /* ResourceFiles */,
				D8A48CD223BBAF6800A4E1BF /* Preview Content */,
			);
			path = TheAirliners;
			sourceTree = "<group>";
		};
		D8A48CD223BBAF6800A4E1BF /* Preview Content */ = {
			isa = PBXGroup;
			children = (
				D8A48CD323BBAF6800A4E1BF /* Preview Assets.xcassets */,
			);
			path = "Preview Content";
			sourceTree = "<group>";
		};
		D8BB087A2430463400B210E9 /* Utilities */ = {
			isa = PBXGroup;
			children = (
				D8BC3EB8241891E2004C5B4F /* Colors.swift */,
				D85612E92424AB55001EEC5D /* Fonts.swift */,
				D8BC3EBA2418BB39004C5B4F /* Helper.swift */,
			);
			path = Utilities;
			sourceTree = "<group>";
		};
		D8BB087B2430465200B210E9 /* ResourceFiles */ = {
			isa = PBXGroup;
			children = (
				D8BC3EBC2418BB74004C5B4F /* airliners.json */,
				D8A48CD023BBAF6800A4E1BF /* Assets.xcassets */,
				D8A48CD523BBAF6800A4E1BF /* LaunchScreen.storyboard */,
				D8A48CD823BBAF6800A4E1BF /* Info.plist */,
			);
			path = ResourceFiles;
			sourceTree = "<group>";
		};
		D8F5D800242B4FAD00A1F9CF /* ViewModels */ = {
			isa = PBXGroup;
			children = (
				D8F5D7FC242B38FB00A1F9CF /* AirlinerListViewModel.swift */,
				D8F5D7FE242B399500A1F9CF /* AirlinerRowViewModel.swift */,
				D8F5D804242C576600A1F9CF /* AirlinerDetailViewModel.swift */,
				D8F5D808242C5C8500A1F9CF /* DetailRowViewModel.swift */,
			);
			path = ViewModels;
			sourceTree = "<group>";
		};
		D8F5D801242B4FB700A1F9CF /* App */ = {
			isa = PBXGroup;
			children = (
				D8A48CCA23BBAF6700A4E1BF /* AppDelegate.swift */,
				D8A48CCC23BBAF6700A4E1BF /* SceneDelegate.swift */,
			);
			path = App;
			sourceTree = "<group>";
		};
		D8F5D802242B4FC900A1F9CF /* Views */ = {
			isa = PBXGroup;
			children = (
				D8A48CCE23BBAF6700A4E1BF /* AirlinerListView.swift */,
				D8F5D80A242C65FE00A1F9CF /* AirlinerListViewBuilder.swift */,
				D8D9257524152FA80087ADD6 /* AirlinerRow.swift */,
				D8F6F7B123CA2E9F00385739 /* AirlinerDetailView.swift */,
				D8F5D806242C5C5300A1F9CF /* DetailRow.swift */,
			);
			path = Views;
			sourceTree = "<group>";
		};
		D8F5D803242B4FD100A1F9CF /* Models */ = {
			isa = PBXGroup;
			children = (
				D8BC3EBE2418BC96004C5B4F /* Airliner.swift */,
			);
			path = Models;
			sourceTree = "<group>";
		};
/* End PBXGroup section */

/* Begin PBXNativeTarget section */
		D8A48CC623BBAF6700A4E1BF /* TheAirliners */ = {
			isa = PBXNativeTarget;
			buildConfigurationList = D8A48CDB23BBAF6800A4E1BF /* Build configuration list for PBXNativeTarget "TheAirliners" */;
			buildPhases = (
				D8A48CC323BBAF6700A4E1BF /* Sources */,
				D8A48CC423BBAF6700A4E1BF /* Frameworks */,
				D8A48CC523BBAF6700A4E1BF /* Resources */,
			);
			buildRules = (
			);
			dependencies = (
			);
			name = TheAirliners;
			productName = TheAirliners;
			productReference = D8A48CC723BBAF6700A4E1BF /* TheAirliners.app */;
			productType = "com.apple.product-type.application";
		};
/* End PBXNativeTarget section */

/* Begin PBXProject section */
		D8A48CBF23BBAF6700A4E1BF /* Project object */ = {
			isa = PBXProject;
			attributes = {
				LastSwiftUpdateCheck = 1110;
				LastUpgradeCheck = 1110;
				ORGANIZATIONNAME = "Doan Le Thieu";
				TargetAttributes = {
					D8A48CC623BBAF6700A4E1BF = {
						CreatedOnToolsVersion = 11.1;
					};
				};
			};
			buildConfigurationList = D8A48CC223BBAF6700A4E1BF /* Build configuration list for PBXProject "TheAirliners" */;
			compatibilityVersion = "Xcode 9.3";
			developmentRegion = en;
			hasScannedForEncodings = 0;
			knownRegions = (
				en,
				Base,
			);
			mainGroup = D8A48CBE23BBAF6700A4E1BF;
			productRefGroup = D8A48CC823BBAF6700A4E1BF /* Products */;
			projectDirPath = "";
			projectRoot = "";
			targets = (
				D8A48CC623BBAF6700A4E1BF /* TheAirliners */,
			);
		};
/* End PBXProject section */

/* Begin PBXResourcesBuildPhase section */
		D8A48CC523BBAF6700A4E1BF /* Resources */ = {
			isa = PBXResourcesBuildPhase;
			buildActionMask = 2147483647;
			files = (
				D8A48CD723BBAF6800A4E1BF /* LaunchScreen.storyboard in Resources */,
				D8A48CD423BBAF6800A4E1BF /* Preview Assets.xcassets in Resources */,
				D8A48CD123BBAF6800A4E1BF /* Assets.xcassets in Resources */,
				D8BC3EBD2418BB74004C5B4F /* airliners.json in Resources */,
			);
			runOnlyForDeploymentPostprocessing = 0;
		};
/* End PBXResourcesBuildPhase section */

/* Begin PBXSourcesBuildPhase section */
		D8A48CC323BBAF6700A4E1BF /* Sources */ = {
			isa = PBXSourcesBuildPhase;
			buildActionMask = 2147483647;
			files = (
				D8A48CCB23BBAF6700A4E1BF /* AppDelegate.swift in Sources */,
				D8F5D805242C576600A1F9CF /* AirlinerDetailViewModel.swift in Sources */,
				D8F5D80B242C65FE00A1F9CF /* AirlinerListViewBuilder.swift in Sources */,
				D8BC3EBB2418BB39004C5B4F /* Helper.swift in Sources */,
				D8BC3EB9241891E2004C5B4F /* Colors.swift in Sources */,
				D8A48CCD23BBAF6700A4E1BF /* SceneDelegate.swift in Sources */,
				D8F5D7FD242B38FB00A1F9CF /* AirlinerListViewModel.swift in Sources */,
				D8A48CCF23BBAF6700A4E1BF /* AirlinerListView.swift in Sources */,
				D8F6F7B223CA2E9F00385739 /* AirlinerDetailView.swift in Sources */,
				D8F5D809242C5C8500A1F9CF /* DetailRowViewModel.swift in Sources */,
				D8D9257624152FA80087ADD6 /* AirlinerRow.swift in Sources */,
				D8F5D807242C5C5300A1F9CF /* DetailRow.swift in Sources */,
				D8F5D7FF242B399500A1F9CF /* AirlinerRowViewModel.swift in Sources */,
				D85612EA2424AB55001EEC5D /* Fonts.swift in Sources */,
				D8BC3EBF2418BC96004C5B4F /* Airliner.swift in Sources */,
			);
			runOnlyForDeploymentPostprocessing = 0;
		};
/* End PBXSourcesBuildPhase section */

/* Begin PBXVariantGroup section */
		D8A48CD523BBAF6800A4E1BF /* LaunchScreen.storyboard */ = {
			isa = PBXVariantGroup;
			children = (
				D8A48CD623BBAF6800A4E1BF /* Base */,
			);
			name = LaunchScreen.storyboard;
			sourceTree = "<group>";
		};
/* End PBXVariantGroup section */

/* Begin XCBuildConfiguration section */
		D8A48CD923BBAF6800A4E1BF /* Debug */ = {
			isa = XCBuildConfiguration;
			buildSettings = {
				ALWAYS_SEARCH_USER_PATHS = NO;
				CLANG_ANALYZER_NONNULL = YES;
				CLANG_ANALYZER_NUMBER_OBJECT_CONVERSION = YES_AGGRESSIVE;
				CLANG_CXX_LANGUAGE_STANDARD = "gnu++14";
				CLANG_CXX_LIBRARY = "libc++";
				CLANG_ENABLE_MODULES = YES;
				CLANG_ENABLE_OBJC_ARC = YES;
				CLANG_ENABLE_OBJC_WEAK = YES;
				CLANG_WARN_BLOCK_CAPTURE_AUTORELEASING = YES;
				CLANG_WARN_BOOL_CONVERSION = YES;
				CLANG_WARN_COMMA = YES;
				CLANG_WARN_CONSTANT_CONVERSION = YES;
				CLANG_WARN_DEPRECATED_OBJC_IMPLEMENTATIONS = YES;
				CLANG_WARN_DIRECT_OBJC_ISA_USAGE = YES_ERROR;
				CLANG_WARN_DOCUMENTATION_COMMENTS = YES;
				CLANG_WARN_EMPTY_BODY = YES;
				CLANG_WARN_ENUM_CONVERSION = YES;
				CLANG_WARN_INFINITE_RECURSION = YES;
				CLANG_WARN_INT_CONVERSION = YES;
				CLANG_WARN_NON_LITERAL_NULL_CONVERSION = YES;
				CLANG_WARN_OBJC_IMPLICIT_RETAIN_SELF = YES;
				CLANG_WARN_OBJC_LITERAL_CONVERSION = YES;
				CLANG_WARN_OBJC_ROOT_CLASS = YES_ERROR;
				CLANG_WARN_RANGE_LOOP_ANALYSIS = YES;
				CLANG_WARN_STRICT_PROTOTYPES = YES;
				CLANG_WARN_SUSPICIOUS_MOVE = YES;
				CLANG_WARN_UNGUARDED_AVAILABILITY = YES_AGGRESSIVE;
				CLANG_WARN_UNREACHABLE_CODE = YES;
				CLANG_WARN__DUPLICATE_METHOD_MATCH = YES;
				COPY_PHASE_STRIP = NO;
				DEBUG_INFORMATION_FORMAT = dwarf;
				ENABLE_STRICT_OBJC_MSGSEND = YES;
				ENABLE_TESTABILITY = YES;
				GCC_C_LANGUAGE_STANDARD = gnu11;
				GCC_DYNAMIC_NO_PIC = NO;
				GCC_NO_COMMON_BLOCKS = YES;
				GCC_OPTIMIZATION_LEVEL = 0;
				GCC_PREPROCESSOR_DEFINITIONS = (
					"DEBUG=1",
					"$(inherited)",
				);
				GCC_WARN_64_TO_32_BIT_CONVERSION = YES;
				GCC_WARN_ABOUT_RETURN_TYPE = YES_ERROR;
				GCC_WARN_UNDECLARED_SELECTOR = YES;
				GCC_WARN_UNINITIALIZED_AUTOS = YES_AGGRESSIVE;
				GCC_WARN_UNUSED_FUNCTION = YES;
				GCC_WARN_UNUSED_VARIABLE = YES;
				IPHONEOS_DEPLOYMENT_TARGET = 13.1;
				MTL_ENABLE_DEBUG_INFO = INCLUDE_SOURCE;
				MTL_FAST_MATH = YES;
				ONLY_ACTIVE_ARCH = YES;
				SDKROOT = iphoneos;
				SWIFT_ACTIVE_COMPILATION_CONDITIONS = DEBUG;
				SWIFT_OPTIMIZATION_LEVEL = "-Onone";
			};
			name = Debug;
		};
		D8A48CDA23BBAF6800A4E1BF /* Release */ = {
			isa = XCBuildConfiguration;
			buildSettings = {
				ALWAYS_SEARCH_USER_PATHS = NO;
				CLANG_ANALYZER_NONNULL = YES;
				CLANG_ANALYZER_NUMBER_OBJECT_CONVERSION = YES_AGGRESSIVE;
				CLANG_CXX_LANGUAGE_STANDARD = "gnu++14";
				CLANG_CXX_LIBRARY = "libc++";
				CLANG_ENABLE_MODULES = YES;
				CLANG_ENABLE_OBJC_ARC = YES;
				CLANG_ENABLE_OBJC_WEAK = YES;
				CLANG_WARN_BLOCK_CAPTURE_AUTORELEASING = YES;
				CLANG_WARN_BOOL_CONVERSION = YES;
				CLANG_WARN_COMMA = YES;
				CLANG_WARN_CONSTANT_CONVERSION = YES;
				CLANG_WARN_DEPRECATED_OBJC_IMPLEMENTATIONS = YES;
				CLANG_WARN_DIRECT_OBJC_ISA_USAGE = YES_ERROR;
				CLANG_WARN_DOCUMENTATION_COMMENTS = YES;
				CLANG_WARN_EMPTY_BODY = YES;
				CLANG_WARN_ENUM_CONVERSION = YES;
				CLANG_WARN_INFINITE_RECURSION = YES;
				CLANG_WARN_INT_CONVERSION = YES;
				CLANG_WARN_NON_LITERAL_NULL_CONVERSION = YES;
				CLANG_WARN_OBJC_IMPLICIT_RETAIN_SELF = YES;
				CLANG_WARN_OBJC_LITERAL_CONVERSION = YES;
				CLANG_WARN_OBJC_ROOT_CLASS = YES_ERROR;
				CLANG_WARN_RANGE_LOOP_ANALYSIS = YES;
				CLANG_WARN_STRICT_PROTOTYPES = YES;
				CLANG_WARN_SUSPICIOUS_MOVE = YES;
				CLANG_WARN_UNGUARDED_AVAILABILITY = YES_AGGRESSIVE;
				CLANG_WARN_UNREACHABLE_CODE = YES;
				CLANG_WARN__DUPLICATE_METHOD_MATCH = YES;
				COPY_PHASE_STRIP = NO;
				DEBUG_INFORMATION_FORMAT = "dwarf-with-dsym";
				ENABLE_NS_ASSERTIONS = NO;
				ENABLE_STRICT_OBJC_MSGSEND = YES;
				GCC_C_LANGUAGE_STANDARD = gnu11;
				GCC_NO_COMMON_BLOCKS = YES;
				GCC_WARN_64_TO_32_BIT_CONVERSION = YES;
				GCC_WARN_ABOUT_RETURN_TYPE = YES_ERROR;
				GCC_WARN_UNDECLARED_SELECTOR = YES;
				GCC_WARN_UNINITIALIZED_AUTOS = YES_AGGRESSIVE;
				GCC_WARN_UNUSED_FUNCTION = YES;
				GCC_WARN_UNUSED_VARIABLE = YES;
				IPHONEOS_DEPLOYMENT_TARGET = 13.1;
				MTL_ENABLE_DEBUG_INFO = NO;
				MTL_FAST_MATH = YES;
				SDKROOT = iphoneos;
				SWIFT_COMPILATION_MODE = wholemodule;
				SWIFT_OPTIMIZATION_LEVEL = "-O";
				VALIDATE_PRODUCT = YES;
			};
			name = Release;
		};
		D8A48CDC23BBAF6800A4E1BF /* Debug */ = {
			isa = XCBuildConfiguration;
			buildSettings = {
				ASSETCATALOG_COMPILER_APPICON_NAME = AppIcon;
				CODE_SIGN_STYLE = Automatic;
				DEVELOPMENT_ASSET_PATHS = "\"TheAirliners/Preview Content\"";
				DEVELOPMENT_TEAM = GYPH974N94;
				ENABLE_PREVIEWS = YES;
				INFOPLIST_FILE = TheAirliners/ResourceFiles/Info.plist;
				LD_RUNPATH_SEARCH_PATHS = (
					"$(inherited)",
					"@executable_path/Frameworks",
				);
				PRODUCT_BUNDLE_IDENTIFIER = com.doanlethieu.TheAirliners;
				PRODUCT_NAME = "$(TARGET_NAME)";
				SWIFT_VERSION = 5.0;
				TARGETED_DEVICE_FAMILY = "1,2";
			};
			name = Debug;
		};
		D8A48CDD23BBAF6800A4E1BF /* Release */ = {
			isa = XCBuildConfiguration;
			buildSettings = {
				ASSETCATALOG_COMPILER_APPICON_NAME = AppIcon;
				CODE_SIGN_STYLE = Automatic;
				DEVELOPMENT_ASSET_PATHS = "\"TheAirliners/Preview Content\"";
				DEVELOPMENT_TEAM = GYPH974N94;
				ENABLE_PREVIEWS = YES;
				INFOPLIST_FILE = TheAirliners/ResourceFiles/Info.plist;
				LD_RUNPATH_SEARCH_PATHS = (
					"$(inherited)",
					"@executable_path/Frameworks",
				);
				PRODUCT_BUNDLE_IDENTIFIER = com.doanlethieu.TheAirliners;
				PRODUCT_NAME = "$(TARGET_NAME)";
				SWIFT_VERSION = 5.0;
				TARGETED_DEVICE_FAMILY = "1,2";
			};
			name = Release;
		};
/* End XCBuildConfiguration section */

/* Begin XCConfigurationList section */
		D8A48CC223BBAF6700A4E1BF /* Build configuration list for PBXProject "TheAirliners" */ = {
			isa = XCConfigurationList;
			buildConfigurations = (
				D8A48CD923BBAF6800A4E1BF /* Debug */,
				D8A48CDA23BBAF6800A4E1BF /* Release */,
			);
			defaultConfigurationIsVisible = 0;
			defaultConfigurationName = Release;
		};
		D8A48CDB23BBAF6800A4E1BF /* Build configuration list for PBXNativeTarget "TheAirliners" */ = {
			isa = XCConfigurationList;
			buildConfigurations = (
				D8A48CDC23BBAF6800A4E1BF /* Debug */,
				D8A48CDD23BBAF6800A4E1BF /* Release */,
			);
			defaultConfigurationIsVisible = 0;
			defaultConfigurationName = Release;
		};
/* End XCConfigurationList section */
	};
	rootObject = D8A48CBF23BBAF6700A4E1BF /* Project object */;
}
